Microsoft Visual Studio Solution File, Format Version 11.00
# Visual Studio 2008

Project("{098EA0A6-1C1B-4EFE-1F35-9F44D58F6A4C}") = "Week02 VR Intro", "Assembly-CSharp-firstpass.csproj", "{BB1C7A6C-0477-3E62-3E71-C72562FDF853}"
EndProject
Project("{098EA0A6-1C1B-4EFE-1F35-9F44D58F6A4C}") = "Week02 VR Intro", "Assembly-CSharp.csproj", "{672FCC0D-8CB2-0289-363D-0B864404DA46}"
EndProject
Project("{098EA0A6-1C1B-4EFE-1F35-9F44D58F6A4C}") = "Week02 VR Intro", "Assembly-CSharp-Editor-firstpass.csproj", "{30E098DE-4AE4-674F-6795-082E22AA095F}"
EndProject
Project("{098EA0A6-1C1B-4EFE-1F35-9F44D58F6A4C}") = "Week02 VR Intro", "Assembly-CSharp-Editor.csproj", "{041F4655-4F1E-C82F-4876-6822133614A8}"
EndProject
Global
	GlobalSection(SolutionConfigurationPlatforms) = preSolution
		Debug|Any CPU = Debug|Any CPU
		Release|Any CPU = Release|Any CPU
	EndGlobalSection
	GlobalSection(ProjectConfigurationPlatforms) = postSolution
		{BB1C7A6C-0477-3E62-3E71-C72562FDF853}.Debug|Any CPU.ActiveCfg = Debug|Any CPU
		{BB1C7A6C-0477-3E62-3E71-C72562FDF853}.Debug|Any CPU.Build.0 = Debug|Any CPU
		{BB1C7A6C-0477-3E62-3E71-C72562FDF853}.Release|Any CPU.ActiveCfg = Release|Any CPU
		{BB1C7A6C-0477-3E62-3E71-C72562FDF853}.Release|Any CPU.Build.0 = Release|Any CPU
		{672FCC0D-8CB2-0289-363D-0B864404DA46}.Debug|Any CPU.ActiveCfg = Debug|Any CPU
		{672FCC0D-8CB2-0289-363D-0B864404DA46}.Debug|Any CPU.Build.0 = Debug|Any CPU
		{672FCC0D-8CB2-0289-363D-0B864404DA46}.Release|Any CPU.ActiveCfg = Release|Any CPU
		{672FCC0D-8CB2-0289-363D-0B864404DA46}.Release|Any CPU.Build.0 = Release|Any CPU
		{30E098DE-4AE4-674F-6795-082E22AA095F}.Debug|Any CPU.ActiveCfg = Debug|Any CPU
		{30E098DE-4AE4-674F-6795-082E22AA095F}.Debug|Any CPU.Build.0 = Debug|Any CPU
		{30E098DE-4AE4-674F-6795-082E22AA095F}.Release|Any CPU.ActiveCfg = Release|Any CPU
		{30E098DE-4AE4-674F-6795-082E22AA095F}.Release|Any CPU.Build.0 = Release|Any CPU
		{041F4655-4F1E-C82F-4876-6822133614A8}.Debug|Any CPU.ActiveCfg = Debug|Any CPU
		{041F4655-4F1E-C82F-4876-6822133614A8}.Debug|Any CPU.Build.0 = Debug|Any CPU
		{041F4655-4F1E-C82F-4876-6822133614A8}.Release|Any CPU.ActiveCfg = Release|Any CPU
		{041F4655-4F1E-C82F-4876-6822133614A8}.Release|Any CPU.Build.0 = Release|Any CPU
	EndGlobalSection
	GlobalSection(SolutionProperties) = preSolution
		HideSolutionNode = FALSE
	EndGlobalSection
	GlobalSection(MonoDevelopProperties) = preSolution
		StartupItem = Assembly-CSharp.csproj
	EndGlobalSection
EndGlobal
